
Microsoft Visual Studio Solution File, Format Version 12.00
# Visual Studio Version 17
VisualStudioVersion = 17.5.33530.505
MinimumVisualStudioVersion = 10.0.40219.1
Project("{FAE04EC0-301F-11D3-BF4B-00C04F79EFBC}") = "Zadaca1", "Zadaca1.csproj", "{895C57AB-69D7-4084-AA5B-98408C5716C2}"
EndProject
Global
	GlobalSection(SolutionConfigurationPlatforms) = preSolution
		Debug|Any CPU = Debug|Any CPU
		Release|Any CPU = Release|Any CPU
	EndGlobalSection
	GlobalSection(ProjectConfigurationPlatforms) = postSolution
		{895C57AB-69D7-4084-AA5B-98408C5716C2}.Debug|Any CPU.ActiveCfg = Debug|Any CPU
		{895C57AB-69D7-4084-AA5B-98408C5716C2}.Debug|Any CPU.Build.0 = Debug|Any CPU
		{895C57AB-69D7-4084-AA5B-98408C5716C2}.Release|Any CPU.ActiveCfg = Release|Any CPU
		{895C57AB-69D7-4084-AA5B-98408C5716C2}.Release|Any CPU.Build.0 = Release|Any CPU
	EndGlobalSection
	GlobalSection(SolutionProperties) = preSolution
		HideSolutionNode = FALSE
	EndGlobalSection
	GlobalSection(ExtensibilityGlobals) = postSolution
		SolutionGuid = {81F3BA5B-89DE-4D90-99D0-B2B83D79C147}
	EndGlobalSection
EndGlobal
